// !$*UTF8*$!
{
	archiveVersion = 1;
	classes = {
	};
	objectVersion = 46;
	objects = {

/* Begin PBXBuildFile section */
		E1D577E51E0E0D1E00BF6514 /* AppDelegate.swift in Sources */ = {isa = PBXBuildFile; fileRef = E1D577E41E0E0D1E00BF6514 /* AppDelegate.swift */; };
		E1D577E71E0E0D1E00BF6514 /* ViewController.swift in Sources */ = {isa = PBXBuildFile; fileRef = E1D577E61E0E0D1E00BF6514 /* ViewController.swift */; };
		E1D577EA1E0E0D1E00BF6514 /* Main.storyboard in Resources */ = {isa = PBXBuildFile; fileRef = E1D577E81E0E0D1E00BF6514 /* Main.storyboard */; };
		E1D577ED1E0E0D1E00BF6514 /* Five00Pixels.xcdatamodeld in Sources */ = {isa = PBXBuildFile; fileRef = E1D577EB1E0E0D1E00BF6514 /* Five00Pixels.xcdatamodeld */; };
		E1D577EF1E0E0D1E00BF6514 /* Assets.xcassets in Resources */ = {isa = PBXBuildFile; fileRef = E1D577EE1E0E0D1E00BF6514 /* Assets.xcassets */; };
		E1D577F21E0E0D1E00BF6514 /* LaunchScreen.storyboard in Resources */ = {isa = PBXBuildFile; fileRef = E1D577F01E0E0D1E00BF6514 /* LaunchScreen.storyboard */; };
		E1D577FD1E0E0D1E00BF6514 /* Five00PixelsTests.swift in Sources */ = {isa = PBXBuildFile; fileRef = E1D577FC1E0E0D1E00BF6514 /* Five00PixelsTests.swift */; };
/* End PBXBuildFile section */

/* Begin PBXContainerItemProxy section */
		E1D577F91E0E0D1E00BF6514 /* PBXContainerItemProxy */ = {
			isa = PBXContainerItemProxy;
			containerPortal = E1D577D91E0E0D1E00BF6514 /* Project object */;
			proxyType = 1;
			remoteGlobalIDString = E1D577E01E0E0D1E00BF6514;
			remoteInfo = Five00Pixels;
		};
/* End PBXContainerItemProxy section */

/* Begin PBXFileReference section */
		E1D577E11E0E0D1E00BF6514 /* Five00Pixels.app */ = {isa = PBXFileReference; explicitFileType = wrapper.application; includeInIndex = 0; path = Five00Pixels.app; sourceTree = BUILT_PRODUCTS_DIR; };
		E1D577E41E0E0D1E00BF6514 /* AppDelegate.swift */ = {isa = PBXFileReference; lastKnownFileType = sourcecode.swift; path = AppDelegate.swift; sourceTree = "<group>"; };
		E1D577E61E0E0D1E00BF6514 /* ViewController.swift */ = {isa = PBXFileReference; lastKnownFileType = sourcecode.swift; path = ViewController.swift; sourceTree = "<group>"; };
		E1D577E91E0E0D1E00BF6514 /* Base */ = {isa = PBXFileReference; lastKnownFileType = file.storyboard; name = Base; path = Base.lproj/Main.storyboard; sourceTree = "<group>"; };
		E1D577EC1E0E0D1E00BF6514 /* Five00Pixels.xcdatamodel */ = {isa = PBXFileReference; lastKnownFileType = wrapper.xcdatamodel; path = Five00Pixels.xcdatamodel; sourceTree = "<group>"; };
		E1D577EE1E0E0D1E00BF6514 /* Assets.xcassets */ = {isa = PBXFileReference; lastKnownFileType = folder.assetcatalog; path = Assets.xcassets; sourceTree = "<group>"; };
		E1D577F11E0E0D1E00BF6514 /* Base */ = {isa = PBXFileReference; lastKnownFileType = file.storyboard; name = Base; path = Base.lproj/LaunchScreen.storyboard; sourceTree = "<group>"; };
		E1D577F31E0E0D1E00BF6514 /* Info.plist */ = {isa = PBXFileReference; lastKnownFileType = text.plist.xml; path = Info.plist; sourceTree = "<group>"; };
		E1D577F81E0E0D1E00BF6514 /* Five00PixelsTests.xctest */ = {isa = PBXFileReference; explicitFileType = wrapper.cfbundle; includeInIndex = 0; path = Five00PixelsTests.xctest; sourceTree = BUILT_PRODUCTS_DIR; };
		E1D577FC1E0E0D1E00BF6514 /* Five00PixelsTests.swift */ = {isa = PBXFileReference; lastKnownFileType = sourcecode.swift; path = Five00PixelsTests.swift; sourceTree = "<group>"; };
		E1D577FE1E0E0D1E00BF6514 /* Info.plist */ = {isa = PBXFileReference; lastKnownFileType = text.plist.xml; path = Info.plist; sourceTree = "<group>"; };
/* End PBXFileReference section */

/* Begin PBXFrameworksBuildPhase section */
		E1D577DE1E0E0D1E00BF6514 /* Frameworks */ = {
			isa = PBXFrameworksBuildPhase;
			buildActionMask = 2147483647;
			files = (
			);
			runOnlyForDeploymentPostprocessing = 0;
		};
		E1D577F51E0E0D1E00BF6514 /* Frameworks */ = {
			isa = PBXFrameworksBuildPhase;
			buildActionMask = 2147483647;
			files = (
			);
			runOnlyForDeploymentPostprocessing = 0;
		};
/* End PBXFrameworksBuildPhase section */

/* Begin PBXGroup section */
		E1D577D81E0E0D1E00BF6514 = {
			isa = PBXGroup;
			children = (
				E1D577E31E0E0D1E00BF6514 /* Five00Pixels */,
				E1D577FB1E0E0D1E00BF6514 /* Five00PixelsTests */,
				E1D577E21E0E0D1E00BF6514 /* Products */,
			);
			sourceTree = "<group>";
		};
		E1D577E21E0E0D1E00BF6514 /* Products */ = {
			isa = PBXGroup;
			children = (
				E1D577E11E0E0D1E00BF6514 /* Five00Pixels.app */,
				E1D577F81E0E0D1E00BF6514 /* Five00PixelsTests.xctest */,
			);
			name = Products;
			sourceTree = "<group>";
		};
		E1D577E31E0E0D1E00BF6514 /* Five00Pixels */ = {
			isa = PBXGroup;
			children = (
				E1D577E41E0E0D1E00BF6514 /* AppDelegate.swift */,
				E1D577E61E0E0D1E00BF6514 /* ViewController.swift */,
				E1D577E81E0E0D1E00BF6514 /* Main.storyboard */,
				E1D577EE1E0E0D1E00BF6514 /* Assets.xcassets */,
				E1D577F01E0E0D1E00BF6514 /* LaunchScreen.storyboard */,
				E1D577F31E0E0D1E00BF6514 /* Info.plist */,
				E1D577EB1E0E0D1E00BF6514 /* Five00Pixels.xcdatamodeld */,
			);
			path = Five00Pixels;
			sourceTree = "<group>";
		};
		E1D577FB1E0E0D1E00BF6514 /* Five00PixelsTests */ = {
			isa = PBXGroup;
			children = (
				E1D577FC1E0E0D1E00BF6514 /* Five00PixelsTests.swift */,
				E1D577FE1E0E0D1E00BF6514 /* Info.plist */,
			);
			path = Five00PixelsTests;
			sourceTree = "<group>";
		};
/* End PBXGroup section */

/* Begin PBXNativeTarget section */
		E1D577E01E0E0D1E00BF6514 /* Five00Pixels */ = {
			isa = PBXNativeTarget;
			buildConfigurationList = E1D578011E0E0D1E00BF6514 /* Build configuration list for PBXNativeTarget "Five00Pixels" */;
			buildPhases = (
				E1D577DD1E0E0D1E00BF6514 /* Sources */,
				E1D577DE1E0E0D1E00BF6514 /* Frameworks */,
				E1D577DF1E0E0D1E00BF6514 /* Resources */,
			);
			buildRules = (
			);
			dependencies = (
			);
			name = Five00Pixels;
			productName = Five00Pixels;
			productReference = E1D577E11E0E0D1E00BF6514 /* Five00Pixels.app */;
			productType = "com.apple.product-type.application";
		};
		E1D577F71E0E0D1E00BF6514 /* Five00PixelsTests */ = {
			isa = PBXNativeTarget;
			buildConfigurationList = E1D578041E0E0D1E00BF6514 /* Build configuration list for PBXNativeTarget "Five00PixelsTests" */;
			buildPhases = (
				E1D577F41E0E0D1E00BF6514 /* Sources */,
				E1D577F51E0E0D1E00BF6514 /* Frameworks */,
				E1D577F61E0E0D1E00BF6514 /* Resources */,
			);
			buildRules = (
			);
			dependencies = (
				E1D577FA1E0E0D1E00BF6514 /* PBXTargetDependency */,
			);
			name = Five00PixelsTests;
			productName = Five00PixelsTests;
			productReference = E1D577F81E0E0D1E00BF6514 /* Five00PixelsTests.xctest */;
			productType = "com.apple.product-type.bundle.unit-test";
		};
/* End PBXNativeTarget section */

/* Begin PBXProject section */
		E1D577D91E0E0D1E00BF6514 /* Project object */ = {
			isa = PBXProject;
			attributes = {
				LastSwiftUpdateCheck = 0820;
				LastUpgradeCheck = 0820;
				ORGANIZATIONNAME = Mysteltainn;
				TargetAttributes = {
					E1D577E01E0E0D1E00BF6514 = {
						CreatedOnToolsVersion = 8.2;
						DevelopmentTeam = B6ZNS6872W;
						ProvisioningStyle = Automatic;
					};
					E1D577F71E0E0D1E00BF6514 = {
						CreatedOnToolsVersion = 8.2;
						DevelopmentTeam = B6ZNS6872W;
						ProvisioningStyle = Automatic;
						TestTargetID = E1D577E01E0E0D1E00BF6514;
					};
				};
			};
			buildConfigurationList = E1D577DC1E0E0D1E00BF6514 /* Build configuration list for PBXProject "Five00Pixels" */;
			compatibilityVersion = "Xcode 3.2";
			developmentRegion = English;
			hasScannedForEncodings = 0;
			knownRegions = (
				en,
				Base,
			);
			mainGroup = E1D577D81E0E0D1E00BF6514;
			productRefGroup = E1D577E21E0E0D1E00BF6514 /* Products */;
			projectDirPath = "";
			projectRoot = "";
			targets = (
				E1D577E01E0E0D1E00BF6514 /* Five00Pixels */,
				E1D577F71E0E0D1E00BF6514 /* Five00PixelsTests */,
			);
		};
/* End PBXProject section */

/* Begin PBXResourcesBuildPhase section */
		E1D577DF1E0E0D1E00BF6514 /* Resources */ = {
			isa = PBXResourcesBuildPhase;
			buildActionMask = 2147483647;
			files = (
				E1D577F21E0E0D1E00BF6514 /* LaunchScreen.storyboard in Resources */,
				E1D577EF1E0E0D1E00BF6514 /* Assets.xcassets in Resources */,
				E1D577EA1E0E0D1E00BF6514 /* Main.storyboard in Resources */,
			);
			runOnlyForDeploymentPostprocessing = 0;
		};
		E1D577F61E0E0D1E00BF6514 /* Resources */ = {
			isa = PBXResourcesBuildPhase;
			buildActionMask = 2147483647;
			files = (
			);
			runOnlyForDeploymentPostprocessing = 0;
		};
/* End PBXResourcesBuildPhase section */

/* Begin PBXSourcesBuildPhase section */
		E1D577DD1E0E0D1E00BF6514 /* Sources */ = {
			isa = PBXSourcesBuildPhase;
			buildActionMask = 2147483647;
			files = (
				E1D577E71E0E0D1E00BF6514 /* ViewController.swift in Sources */,
				E1D577ED1E0E0D1E00BF6514 /* Five00Pixels.xcdatamodeld in Sources */,
				E1D577E51E0E0D1E00BF6514 /* AppDelegate.swift in Sources */,
			);
			runOnlyForDeploymentPostprocessing = 0;
		};
		E1D577F41E0E0D1E00BF6514 /* Sources */ = {
			isa = PBXSourcesBuildPhase;
			buildActionMask = 2147483647;
			files = (
				E1D577FD1E0E0D1E00BF6514 /* Five00PixelsTests.swift in Sources */,
			);
			runOnlyForDeploymentPostprocessing = 0;
		};
/* End PBXSourcesBuildPhase section */

/* Begin PBXTargetDependency section */
		E1D577FA1E0E0D1E00BF6514 /* PBXTargetDependency */ = {
			isa = PBXTargetDependency;
			target = E1D577E01E0E0D1E00BF6514 /* Five00Pixels */;
			targetProxy = E1D577F91E0E0D1E00BF6514 /* PBXContainerItemProxy */;
		};
/* End PBXTargetDependency section */

/* Begin PBXVariantGroup section */
		E1D577E81E0E0D1E00BF6514 /* Main.storyboard */ = {
			isa = PBXVariantGroup;
			children = (
				E1D577E91E0E0D1E00BF6514 /* Base */,
			);
			name = Main.storyboard;
			sourceTree = "<group>";
		};
		E1D577F01E0E0D1E00BF6514 /* LaunchScreen.storyboard */ = {
			isa = PBXVariantGroup;
			children = (
				E1D577F11E0E0D1E00BF6514 /* Base */,
			);
			name = LaunchScreen.storyboard;
			sourceTree = "<group>";
		};
/* End PBXVariantGroup section */

/* Begin XCBuildConfiguration section */
		E1D577FF1E0E0D1E00BF6514 /* Debug */ = {
			isa = XCBuildConfiguration;
			buildSettings = {
				ALWAYS_SEARCH_USER_PATHS = NO;
				CLANG_ANALYZER_NONNULL = YES;
				CLANG_CXX_LANGUAGE_STANDARD = "gnu++0x";
				CLANG_CXX_LIBRARY = "libc++";
				CLANG_ENABLE_MODULES = YES;
				CLANG_ENABLE_OBJC_ARC = YES;
				CLANG_WARN_BOOL_CONVERSION = YES;
				CLANG_WARN_CONSTANT_CONVERSION = YES;
				CLANG_WARN_DIRECT_OBJC_ISA_USAGE = YES_ERROR;
				CLANG_WARN_DOCUMENTATION_COMMENTS = YES;
				CLANG_WARN_EMPTY_BODY = YES;
				CLANG_WARN_ENUM_CONVERSION = YES;
				CLANG_WARN_INFINITE_RECURSION = YES;
				CLANG_WARN_INT_CONVERSION = YES;
				CLANG_WARN_OBJC_ROOT_CLASS = YES_ERROR;
				CLANG_WARN_SUSPICIOUS_MOVE = YES;
				CLANG_WARN_UNREACHABLE_CODE = YES;
				CLANG_WARN__DUPLICATE_METHOD_MATCH = YES;
				"CODE_SIGN_IDENTITY[sdk=iphoneos*]" = "iPhone Developer";
				COPY_PHASE_STRIP = NO;
				DEBUG_INFORMATION_FORMAT = dwarf;
				ENABLE_STRICT_OBJC_MSGSEND = YES;
				ENABLE_TESTABILITY = YES;
				GCC_C_LANGUAGE_STANDARD = gnu99;
				GCC_DYNAMIC_NO_PIC = NO;
				GCC_NO_COMMON_BLOCKS = YES;
				GCC_OPTIMIZATION_LEVEL = 0;
				GCC_PREPROCESSOR_DEFINITIONS = (
					"DEBUG=1",
					"$(inherited)",
				);
				GCC_WARN_64_TO_32_BIT_CONVERSION = YES;
				GCC_WARN_ABOUT_RETURN_TYPE = YES_ERROR;
				GCC_WARN_UNDECLARED_SELECTOR = YES;
				GCC_WARN_UNINITIALIZED_AUTOS = YES_AGGRESSIVE;
				GCC_WARN_UNUSED_FUNCTION = YES;
				GCC_WARN_UNUSED_VARIABLE = YES;
				IPHONEOS_DEPLOYMENT_TARGET = 10.2;
				MTL_ENABLE_DEBUG_INFO = YES;
				ONLY_ACTIVE_ARCH = YES;
				SDKROOT = iphoneos;
				SWIFT_ACTIVE_COMPILATION_CONDITIONS = DEBUG;
				SWIFT_OPTIMIZATION_LEVEL = "-Onone";
				TARGETED_DEVICE_FAMILY = "1,2";
			};
			name = Debug;
		};
		E1D578001E0E0D1E00BF6514 /* Release */ = {
			isa = XCBuildConfiguration;
			buildSettings = {
				ALWAYS_SEARCH_USER_PATHS = NO;
				CLANG_ANALYZER_NONNULL = YES;
				CLANG_CXX_LANGUAGE_STANDARD = "gnu++0x";
				CLANG_CXX_LIBRARY = "libc++";
				CLANG_ENABLE_MODULES = YES;
				CLANG_ENABLE_OBJC_ARC = YES;
				CLANG_WARN_BOOL_CONVERSION = YES;
				CLANG_WARN_CONSTANT_CONVERSION = YES;
				CLANG_WARN_DIRECT_OBJC_ISA_USAGE = YES_ERROR;
				CLANG_WARN_DOCUMENTATION_COMMENTS = YES;
				CLANG_WARN_EMPTY_BODY = YES;
				CLANG_WARN_ENUM_CONVERSION = YES;
				CLANG_WARN_INFINITE_RECURSION = YES;
				CLANG_WARN_INT_CONVERSION = YES;
				CLANG_WARN_OBJC_ROOT_CLASS = YES_ERROR;
				CLANG_WARN_SUSPICIOUS_MOVE = YES;
				CLANG_WARN_UNREACHABLE_CODE = YES;
				CLANG_WARN__DUPLICATE_METHOD_MATCH = YES;
				"CODE_SIGN_IDENTITY[sdk=iphoneos*]" = "iPhone Developer";
				COPY_PHASE_STRIP = NO;
				DEBUG_INFORMATION_FORMAT = "dwarf-with-dsym";
				ENABLE_NS_ASSERTIONS = NO;
				ENABLE_STRICT_OBJC_MSGSEND = YES;
				GCC_C_LANGUAGE_STANDARD = gnu99;
				GCC_NO_COMMON_BLOCKS = YES;
				GCC_WARN_64_TO_32_BIT_CONVERSION = YES;
				GCC_WARN_ABOUT_RETURN_TYPE = YES_ERROR;
				GCC_WARN_UNDECLARED_SELECTOR = YES;
				GCC_WARN_UNINITIALIZED_AUTOS = YES_AGGRESSIVE;
				GCC_WARN_UNUSED_FUNCTION = YES;
				GCC_WARN_UNUSED_VARIABLE = YES;
				IPHONEOS_DEPLOYMENT_TARGET = 10.2;
				MTL_ENABLE_DEBUG_INFO = NO;
				SDKROOT = iphoneos;
				SWIFT_OPTIMIZATION_LEVEL = "-Owholemodule";
				TARGETED_DEVICE_FAMILY = "1,2";
				VALIDATE_PRODUCT = YES;
			};
			name = Release;
		};
		E1D578021E0E0D1E00BF6514 /* Debug */ = {
			isa = XCBuildConfiguration;
			buildSettings = {
				ASSETCATALOG_COMPILER_APPICON_NAME = AppIcon;
				DEVELOPMENT_TEAM = B6ZNS6872W;
				INFOPLIST_FILE = Five00Pixels/Info.plist;
				LD_RUNPATH_SEARCH_PATHS = "$(inherited) @executable_path/Frameworks";
				PRODUCT_BUNDLE_IDENTIFIER = com.mysteltainn.Five00Pixels;
				PRODUCT_NAME = "$(TARGET_NAME)";
				SWIFT_VERSION = 3.0;
			};
			name = Debug;
		};
		E1D578031E0E0D1E00BF6514 /* Release */ = {
			isa = XCBuildConfiguration;
			buildSettings = {
				ASSETCATALOG_COMPILER_APPICON_NAME = AppIcon;
				DEVELOPMENT_TEAM = B6ZNS6872W;
				INFOPLIST_FILE = Five00Pixels/Info.plist;
				LD_RUNPATH_SEARCH_PATHS = "$(inherited) @executable_path/Frameworks";
				PRODUCT_BUNDLE_IDENTIFIER = com.mysteltainn.Five00Pixels;
				PRODUCT_NAME = "$(TARGET_NAME)";
				SWIFT_VERSION = 3.0;
			};
			name = Release;
		};
		E1D578051E0E0D1E00BF6514 /* Debug */ = {
			isa = XCBuildConfiguration;
			buildSettings = {
				ALWAYS_EMBED_SWIFT_STANDARD_LIBRARIES = YES;
				BUNDLE_LOADER = "$(TEST_HOST)";
				DEVELOPMENT_TEAM = B6ZNS6872W;
				INFOPLIST_FILE = Five00PixelsTests/Info.plist;
				LD_RUNPATH_SEARCH_PATHS = "$(inherited) @executable_path/Frameworks @loader_path/Frameworks";
				PRODUCT_BUNDLE_IDENTIFIER = com.mysteltainn.Five00PixelsTests;
				PRODUCT_NAME = "$(TARGET_NAME)";
				SWIFT_VERSION = 3.0;
				TEST_HOST = "$(BUILT_PRODUCTS_DIR)/Five00Pixels.app/Five00Pixels";
			};
			name = Debug;
		};
		E1D578061E0E0D1E00BF6514 /* Release */ = {
			isa = XCBuildConfiguration;
			buildSettings = {
				ALWAYS_EMBED_SWIFT_STANDARD_LIBRARIES = YES;
				BUNDLE_LOADER = "$(TEST_HOST)";
				DEVELOPMENT_TEAM = B6ZNS6872W;
				INFOPLIST_FILE = Five00PixelsTests/Info.plist;
				LD_RUNPATH_SEARCH_PATHS = "$(inherited) @executable_path/Frameworks @loader_path/Frameworks";
				PRODUCT_BUNDLE_IDENTIFIER = com.mysteltainn.Five00PixelsTests;
				PRODUCT_NAME = "$(TARGET_NAME)";
				SWIFT_VERSION = 3.0;
				TEST_HOST = "$(BUILT_PRODUCTS_DIR)/Five00Pixels.app/Five00Pixels";
			};
			name = Release;
		};
/* End XCBuildConfiguration section */

/* Begin XCConfigurationList section */
		E1D577DC1E0E0D1E00BF6514 /* Build configuration list for PBXProject "Five00Pixels" */ = {
			isa = XCConfigurationList;
			buildConfigurations = (
				E1D577FF1E0E0D1E00BF6514 /* Debug */,
				E1D578001E0E0D1E00BF6514 /* Release */,
			);
			defaultConfigurationIsVisible = 0;
			defaultConfigurationName = Release;
		};
		E1D578011E0E0D1E00BF6514 /* Build configuration list for PBXNativeTarget "Five00Pixels" */ = {
			isa = XCConfigurationList;
			buildConfigurations = (
				E1D578021E0E0D1E00BF6514 /* Debug */,
				E1D578031E0E0D1E00BF6514 /* Release */,
			);
			defaultConfigurationIsVisible = 0;
		};
		E1D578041E0E0D1E00BF6514 /* Build configuration list for PBXNativeTarget "Five00PixelsTests" */ = {
			isa = XCConfigurationList;
			buildConfigurations = (
				E1D578051E0E0D1E00BF6514 /* Debug */,
				E1D578061E0E0D1E00BF6514 /* Release */,
			);
			defaultConfigurationIsVisible = 0;
		};
/* End XCConfigurationList section */

/* Begin XCVersionGroup section */
		E1D577EB1E0E0D1E00BF6514 /* Five00Pixels.xcdatamodeld */ = {
			isa = XCVersionGroup;
			children = (
				E1D577EC1E0E0D1E00BF6514 /* Five00Pixels.xcdatamodel */,
			);
			currentVersion = E1D577EC1E0E0D1E00BF6514 /* Five00Pixels.xcdatamodel */;
			path = Five00Pixels.xcdatamodeld;
			sourceTree = "<group>";
			versionGroupType = wrapper.xcdatamodel;
		};
/* End XCVersionGroup section */
	};
	rootObject = E1D577D91E0E0D1E00BF6514 /* Project object */;
}
